
Microsoft Visual Studio Solution File, Format Version 12.00
# Visual Studio Version 16
VisualStudioVersion = 16.0.31424.327
MinimumVisualStudioVersion = 10.0.40219.1
Project("{FAE04EC0-301F-11D3-BF4B-00C04F79EFBC}") = "BenjaminAngularTestProject", "BenjaminAngularTestProject\BenjaminAngularTestProject.csproj", "{CEF147C6-9ECF-4C59-9448-6635934B3E20}"
EndProject
Global
	GlobalSection(SolutionConfigurationPlatforms) = preSolution
		Debug|Any CPU = Debug|Any CPU
		Release|Any CPU = Release|Any CPU
	EndGlobalSection
	GlobalSection(ProjectConfigurationPlatforms) = postSolution
		{CEF147C6-9ECF-4C59-9448-6635934B3E20}.Debug|Any CPU.ActiveCfg = Debug|Any CPU
		{CEF147C6-9ECF-4C59-9448-6635934B3E20}.Debug|Any CPU.Build.0 = Debug|Any CPU
		{CEF147C6-9ECF-4C59-9448-6635934B3E20}.Release|Any CPU.ActiveCfg = Release|Any CPU
		{CEF147C6-9ECF-4C59-9448-6635934B3E20}.Release|Any CPU.Build.0 = Release|Any CPU
	EndGlobalSection
	GlobalSection(SolutionProperties) = preSolution
		HideSolutionNode = FALSE
	EndGlobalSection
	GlobalSection(ExtensibilityGlobals) = postSolution
		SolutionGuid = {4B9FD686-A3D6-49F0-9087-33E29091ADDE}
	EndGlobalSection
EndGlobal
